Microsoft Visual Studio Solution File, Format Version 12.00
# Visual Studio Version 17
VisualStudioVersion = 17.5.2.0
MinimumVisualStudioVersion = 10.0.40219.1
Project("{FAE04EC0-301F-11D3-BF4B-00C04F79EFBC}") = "Chess-3.0", "Chess-3.0.csproj", "{5594A049-07EF-38C8-EDB2-391C8AD30627}"
EndProject
Global
	GlobalSection(SolutionConfigurationPlatforms) = preSolution
		Debug|Any CPU = Debug|Any CPU
		Release|Any CPU = Release|Any CPU
	EndGlobalSection
	GlobalSection(ProjectConfigurationPlatforms) = postSolution
		{5594A049-07EF-38C8-EDB2-391C8AD30627}.Debug|Any CPU.ActiveCfg = Debug|Any CPU
		{5594A049-07EF-38C8-EDB2-391C8AD30627}.Debug|Any CPU.Build.0 = Debug|Any CPU
		{5594A049-07EF-38C8-EDB2-391C8AD30627}.Release|Any CPU.ActiveCfg = Release|Any CPU
		{5594A049-07EF-38C8-EDB2-391C8AD30627}.Release|Any CPU.Build.0 = Release|Any CPU
	EndGlobalSection
	GlobalSection(SolutionProperties) = preSolution
		HideSolutionNode = FALSE
	EndGlobalSection
	GlobalSection(ExtensibilityGlobals) = postSolution
		SolutionGuid = {FE0A9651-F154-4398-95C9-301A71EC58C0}
	EndGlobalSection
EndGlobal
