
Microsoft Visual Studio Solution File, Format Version 12.00
# Visual Studio Version 17
VisualStudioVersion = 17.5.002.0
MinimumVisualStudioVersion = 10.0.40219.1
Project("{9A19103F-16F7-4668-BE54-9A1E7A4F7556}") = "Chess", "Chess.csproj", "{361B7FBC-2C16-4A37-B955-AD9BCFBAE8F5}"
EndProject
Project("{FAE04EC0-301F-11D3-BF4B-00C04F79EFBC}") = "ChessTests", "..\ChessTests\ChessTests.csproj", "{48C2E8A4-1BA0-4B68-BD4D-EDE288527694}"
EndProject
Global
	GlobalSection(SolutionConfigurationPlatforms) = preSolution
		Debug|Any CPU = Debug|Any CPU
		Release|Any CPU = Release|Any CPU
	EndGlobalSection
	GlobalSection(ProjectConfigurationPlatforms) = postSolution
		{361B7FBC-2C16-4A37-B955-AD9BCFBAE8F5}.Debug|Any CPU.ActiveCfg = Debug|Any CPU
		{361B7FBC-2C16-4A37-B955-AD9BCFBAE8F5}.Debug|Any CPU.Build.0 = Debug|Any CPU
		{361B7FBC-2C16-4A37-B955-AD9BCFBAE8F5}.Release|Any CPU.ActiveCfg = Release|Any CPU
		{361B7FBC-2C16-4A37-B955-AD9BCFBAE8F5}.Release|Any CPU.Build.0 = Release|Any CPU
		{48C2E8A4-1BA0-4B68-BD4D-EDE288527694}.Debug|Any CPU.ActiveCfg = Debug|Any CPU
		{48C2E8A4-1BA0-4B68-BD4D-EDE288527694}.Debug|Any CPU.Build.0 = Debug|Any CPU
		{48C2E8A4-1BA0-4B68-BD4D-EDE288527694}.Release|Any CPU.ActiveCfg = Release|Any CPU
		{48C2E8A4-1BA0-4B68-BD4D-EDE288527694}.Release|Any CPU.Build.0 = Release|Any CPU
	EndGlobalSection
	GlobalSection(SolutionProperties) = preSolution
		HideSolutionNode = FALSE
	EndGlobalSection
	GlobalSection(ExtensibilityGlobals) = postSolution
		SolutionGuid = {668B43C8-789D-4C41-9F58-7FC5C152E92E}
	EndGlobalSection
EndGlobal
